
Microsoft Visual Studio Solution File, Format Version 12.00
# Visual Studio Express 2012 for Windows Phone
Project("{FAE04EC0-301F-11D3-BF4B-00C04F79EFBC}") = "WeddingCountDown", "WeddingCountDown\WeddingCountDown.csproj", "{921C1365-000F-45E9-BD98-16A3C5E88F19}"
EndProject
Project("{FAE04EC0-301F-11D3-BF4B-00C04F79EFBC}") = "Common", "..\Common\Common\Common.csproj", "{3083CC3F-42A3-4F2E-A0AC-67820C890156}"
EndProject
Project("{FAE04EC0-301F-11D3-BF4B-00C04F79EFBC}") = "WeddingAgent", "WeddingAgent\WeddingAgent.csproj", "{8B5D179A-2568-4923-BC5E-3F019E97DBFB}"
EndProject
Project("{FAE04EC0-301F-11D3-BF4B-00C04F79EFBC}") = "LockScreenManager", "LockScreenManager\LockScreenManager.csproj", "{220A3A4B-E9BA-4A71-B409-BAA9472FB9FC}"
EndProject
Global
	GlobalSection(SolutionConfigurationPlatforms) = preSolution
		Debug|Any CPU = Debug|Any CPU
		Debug|ARM = Debug|ARM
		Debug|x86 = Debug|x86
		Release|Any CPU = Release|Any CPU
		Release|ARM = Release|ARM
		Release|x86 = Release|x86
	EndGlobalSection
	GlobalSection(ProjectConfigurationPlatforms) = postSolution
		{921C1365-000F-45E9-BD98-16A3C5E88F19}.Debug|Any CPU.ActiveCfg = Debug|Any CPU
		{921C1365-000F-45E9-BD98-16A3C5E88F19}.Debug|Any CPU.Build.0 = Debug|Any CPU
		{921C1365-000F-45E9-BD98-16A3C5E88F19}.Debug|Any CPU.Deploy.0 = Debug|Any CPU
		{921C1365-000F-45E9-BD98-16A3C5E88F19}.Debug|ARM.ActiveCfg = Debug|ARM
		{921C1365-000F-45E9-BD98-16A3C5E88F19}.Debug|ARM.Build.0 = Debug|ARM
		{921C1365-000F-45E9-BD98-16A3C5E88F19}.Debug|ARM.Deploy.0 = Debug|ARM
		{921C1365-000F-45E9-BD98-16A3C5E88F19}.Debug|x86.ActiveCfg = Debug|x86
		{921C1365-000F-45E9-BD98-16A3C5E88F19}.Debug|x86.Build.0 = Debug|x86
		{921C1365-000F-45E9-BD98-16A3C5E88F19}.Debug|x86.Deploy.0 = Debug|x86
		{921C1365-000F-45E9-BD98-16A3C5E88F19}.Release|Any CPU.ActiveCfg = Release|Any CPU
		{921C1365-000F-45E9-BD98-16A3C5E88F19}.Release|Any CPU.Build.0 = Release|Any CPU
		{921C1365-000F-45E9-BD98-16A3C5E88F19}.Release|Any CPU.Deploy.0 = Release|Any CPU
		{921C1365-000F-45E9-BD98-16A3C5E88F19}.Release|ARM.ActiveCfg = Release|ARM
		{921C1365-000F-45E9-BD98-16A3C5E88F19}.Release|ARM.Build.0 = Release|ARM
		{921C1365-000F-45E9-BD98-16A3C5E88F19}.Release|ARM.Deploy.0 = Release|ARM
		{921C1365-000F-45E9-BD98-16A3C5E88F19}.Release|x86.ActiveCfg = Release|x86
		{921C1365-000F-45E9-BD98-16A3C5E88F19}.Release|x86.Build.0 = Release|x86
		{921C1365-000F-45E9-BD98-16A3C5E88F19}.Release|x86.Deploy.0 = Release|x86
		{3083CC3F-42A3-4F2E-A0AC-67820C890156}.Debug|Any CPU.ActiveCfg = Debug|Any CPU
		{3083CC3F-42A3-4F2E-A0AC-67820C890156}.Debug|Any CPU.Build.0 = Debug|Any CPU
		{3083CC3F-42A3-4F2E-A0AC-67820C890156}.Debug|ARM.ActiveCfg = Debug|ARM
		{3083CC3F-42A3-4F2E-A0AC-67820C890156}.Debug|ARM.Build.0 = Debug|ARM
		{3083CC3F-42A3-4F2E-A0AC-67820C890156}.Debug|x86.ActiveCfg = Debug|x86
		{3083CC3F-42A3-4F2E-A0AC-67820C890156}.Debug|x86.Build.0 = Debug|x86
		{3083CC3F-42A3-4F2E-A0AC-67820C890156}.Release|Any CPU.ActiveCfg = Release|Any CPU
		{3083CC3F-42A3-4F2E-A0AC-67820C890156}.Release|Any CPU.Build.0 = Release|Any CPU
		{3083CC3F-42A3-4F2E-A0AC-67820C890156}.Release|ARM.ActiveCfg = Release|ARM
		{3083CC3F-42A3-4F2E-A0AC-67820C890156}.Release|ARM.Build.0 = Release|ARM
		{3083CC3F-42A3-4F2E-A0AC-67820C890156}.Release|x86.ActiveCfg = Release|x86
		{3083CC3F-42A3-4F2E-A0AC-67820C890156}.Release|x86.Build.0 = Release|x86
		{8B5D179A-2568-4923-BC5E-3F019E97DBFB}.Debug|Any CPU.ActiveCfg = Debug|Any CPU
		{8B5D179A-2568-4923-BC5E-3F019E97DBFB}.Debug|Any CPU.Build.0 = Debug|Any CPU
		{8B5D179A-2568-4923-BC5E-3F019E97DBFB}.Debug|ARM.ActiveCfg = Debug|ARM
		{8B5D179A-2568-4923-BC5E-3F019E97DBFB}.Debug|ARM.Build.0 = Debug|ARM
		{8B5D179A-2568-4923-BC5E-3F019E97DBFB}.Debug|x86.ActiveCfg = Debug|x86
		{8B5D179A-2568-4923-BC5E-3F019E97DBFB}.Debug|x86.Build.0 = Debug|x86
		{8B5D179A-2568-4923-BC5E-3F019E97DBFB}.Release|Any CPU.ActiveCfg = Release|Any CPU
		{8B5D179A-2568-4923-BC5E-3F019E97DBFB}.Release|Any CPU.Build.0 = Release|Any CPU
		{8B5D179A-2568-4923-BC5E-3F019E97DBFB}.Release|ARM.ActiveCfg = Release|ARM
		{8B5D179A-2568-4923-BC5E-3F019E97DBFB}.Release|ARM.Build.0 = Release|ARM
		{8B5D179A-2568-4923-BC5E-3F019E97DBFB}.Release|x86.ActiveCfg = Release|x86
		{8B5D179A-2568-4923-BC5E-3F019E97DBFB}.Release|x86.Build.0 = Release|x86
		{220A3A4B-E9BA-4A71-B409-BAA9472FB9FC}.Debug|Any CPU.ActiveCfg = Debug|Any CPU
		{220A3A4B-E9BA-4A71-B409-BAA9472FB9FC}.Debug|Any CPU.Build.0 = Debug|Any CPU
		{220A3A4B-E9BA-4A71-B409-BAA9472FB9FC}.Debug|ARM.ActiveCfg = Debug|ARM
		{220A3A4B-E9BA-4A71-B409-BAA9472FB9FC}.Debug|ARM.Build.0 = Debug|ARM
		{220A3A4B-E9BA-4A71-B409-BAA9472FB9FC}.Debug|x86.ActiveCfg = Debug|x86
		{220A3A4B-E9BA-4A71-B409-BAA9472FB9FC}.Debug|x86.Build.0 = Debug|x86
		{220A3A4B-E9BA-4A71-B409-BAA9472FB9FC}.Release|Any CPU.ActiveCfg = Release|Any CPU
		{220A3A4B-E9BA-4A71-B409-BAA9472FB9FC}.Release|Any CPU.Build.0 = Release|Any CPU
		{220A3A4B-E9BA-4A71-B409-BAA9472FB9FC}.Release|ARM.ActiveCfg = Release|ARM
		{220A3A4B-E9BA-4A71-B409-BAA9472FB9FC}.Release|ARM.Build.0 = Release|ARM
		{220A3A4B-E9BA-4A71-B409-BAA9472FB9FC}.Release|x86.ActiveCfg = Release|x86
		{220A3A4B-E9BA-4A71-B409-BAA9472FB9FC}.Release|x86.Build.0 = Release|x86
	EndGlobalSection
	GlobalSection(SolutionProperties) = preSolution
		HideSolutionNode = FALSE
	EndGlobalSection
EndGlobal
